
Microsoft Visual Studio Solution File, Format Version 12.00
# Visual Studio Version 16
VisualStudioVersion = 16.0.31105.61
MinimumVisualStudioVersion = 10.0.40219.1
Project("{FAE04EC0-301F-11D3-BF4B-00C04F79EFBC}") = "TestApplication", "TestApplication\TestApplication.csproj", "{21B542B0-0C88-4785-BD65-BDC1DE8577DC}"
EndProject
Global
	GlobalSection(SolutionConfigurationPlatforms) = preSolution
		Debug|Any CPU = Debug|Any CPU
		Release|Any CPU = Release|Any CPU
	EndGlobalSection
	GlobalSection(ProjectConfigurationPlatforms) = postSolution
		{21B542B0-0C88-4785-BD65-BDC1DE8577DC}.Debug|Any CPU.ActiveCfg = Debug|Any CPU
		{21B542B0-0C88-4785-BD65-BDC1DE8577DC}.Debug|Any CPU.Build.0 = Debug|Any CPU
		{21B542B0-0C88-4785-BD65-BDC1DE8577DC}.Release|Any CPU.ActiveCfg = Release|Any CPU
		{21B542B0-0C88-4785-BD65-BDC1DE8577DC}.Release|Any CPU.Build.0 = Release|Any CPU
	EndGlobalSection
	GlobalSection(SolutionProperties) = preSolution
		HideSolutionNode = FALSE
	EndGlobalSection
	GlobalSection(ExtensibilityGlobals) = postSolution
		SolutionGuid = {D9983845-D678-43DF-8F80-420D52DD023B}
	EndGlobalSection
EndGlobal
